{
    "_readme": [
        "This file locks the dependencies of your project to a known state",
        "Read more about it at https://getcomposer.org/doc/01-basic-usage.md#installing-dependencies",
        "This file is @generated automatically"
    ],
    "content-hash": "f8d5c8c88b85c1a123cb188c1594393f",
    "packages": [
        {
            "name": "cecil/theme-hyde",
            "version": "1.18.2",
            "source": {
                "type": "git",
                "url": "https://github.com/Cecilapp/theme-hyde.git",
                "reference": "840996ce794ef8d96ae787c9de671532dc6db1fe"
            },
            "dist": {
                "type": "zip",
                "url": "https://api.github.com/repos/Cecilapp/theme-hyde/zipball/840996ce794ef8d96ae787c9de671532dc6db1fe",
                "reference": "840996ce794ef8d96ae787c9de671532dc6db1fe",
                "shasum": ""
            },
            "require": {
                "cecil/theme-installer": "^1.4"
            },
            "type": "cecil-theme",
            "extra": {
                "name": "hyde",
                "branch-alias": {
                    "dev-master": "1.x-dev"
                }
            },
            "notification-url": "https://packagist.org/downloads/",
            "license": [
                "MIT"
            ],
            "description": "Cecil Hyde theme",
            "keywords": [
                "Hyde",
                "cecil",
                "theme"
            ],
            "support": {
                "issues": "https://github.com/Cecilapp/theme-hyde/issues",
                "source": "https://github.com/Cecilapp/theme-hyde/tree/1.18.2"
            },
            "funding": [
                {
                    "url": "https://www.paypal.me/narno",
                    "type": "custom"
                }
            ],
            "time": "2020-11-10T00:50:23+00:00"
        },
        {
            "name": "cecil/theme-installer",
            "version": "1.4.4",
            "source": {
                "type": "git",
                "url": "https://github.com/Cecilapp/theme-installer.git",
                "reference": "4c6fa8b98b4d8d62bf7a39de4c56956e6568d382"
            },
            "dist": {
                "type": "zip",
                "url": "https://api.github.com/repos/Cecilapp/theme-installer/zipball/4c6fa8b98b4d8d62bf7a39de4c56956e6568d382",
                "reference": "4c6fa8b98b4d8d62bf7a39de4c56956e6568d382",
                "shasum": ""
            },
            "require": {
                "composer-plugin-api": ">=1.0"
            },
            "require-dev": {
                "composer/composer": ">=1.0"
            },
            "type": "composer-plugin",
            "extra": {
                "class": "Cecil\\Installer\\Composer\\CecilPlugin",
                "branch-alias": {
                    "dev-master": "1.x-dev"
                }
            },
            "autoload": {
                "psr-0": {
                    "Cecil\\Installer\\Composer": "src/"
                }
            },
            "notification-url": "https://packagist.org/downloads/",
            "license": [
                "MIT"
            ],
            "authors": [
                {
                    "name": "Arnaud Ligny",
                    "email": "arnaud@ligny.org",
                    "homepage": "https://arnaudligny.fr",
                    "role": "Developer"
                }
            ],
            "description": "Installer for Cecil's themes",
            "keywords": [
                "cecil",
                "installer",
                "themes"
            ],
            "support": {
                "issues": "https://github.com/Cecilapp/theme-installer/issues",
                "source": "https://github.com/Cecilapp/theme-installer/tree/1.4.4"
            },
            "funding": [
                {
                    "url": "https://www.paypal.me/narno",
                    "type": "custom"
                },
                {
                    "url": "https://github.com/Narno",
                    "type": "github"
                },
                {
                    "url": "https://opencollective.com/cecil",
                    "type": "open_collective"
                }
            ],
            "time": "2021-10-05T21:47:38+00:00"
        }
    ],
    "packages-dev": [],
    "aliases": [],
    "minimum-stability": "stable",
    "stability-flags": [],
    "prefer-stable": false,
    "prefer-lowest": false,
    "platform": [],
    "platform-dev": [],
    "plugin-api-version": "2.1.0"
}
